
Microsoft Visual Studio Solution File, Format Version 12.00
# Visual Studio Version 17
VisualStudioVersion = 17.14.37203.1 d17.14
MinimumVisualStudioVersion = 10.0.40219.1
Project("{2150E333-8FDC-42A3-9474-1A3956D46DE8}") = "API", "API", "{02EA681E-C7D8-13C7-8484-4AC65E1B71E8}"
EndProject
Project("{2150E333-8FDC-42A3-9474-1A3956D46DE8}") = "CLASSLIBRARIES", "CLASSLIBRARIES", "{6032E919-F4E3-4060-B861-4C0BF4809407}"
EndProject
Project("{2150E333-8FDC-42A3-9474-1A3956D46DE8}") = "TESTCASES", "TESTCASES", "{5FDA6800-F0A2-4483-AF64-B4EA3814AFBB}"
EndProject
Project("{FAE04EC0-301F-11D3-BF4B-00C04F79EFBC}") = "ICICIBANK_HOMELOANS_API", "ICICIBANK_HOMELOANS_API\ICICIBANK_HOMELOANS_API.csproj", "{07DA2ED5-3EC1-4592-A9F5-5871FE31F9C8}"
EndProject
Project("{FAE04EC0-301F-11D3-BF4B-00C04F79EFBC}") = "ICICIBANK_HOMELOANS_BusinessEntities", "ICICIBANK_HOMELOANS_BusinessEntities\ICICIBANK_HOMELOANS_BusinessEntities.csproj", "{99C16B7B-D587-4143-A20D-C11AD5AE8751}"
EndProject
Project("{FAE04EC0-301F-11D3-BF4B-00C04F79EFBC}") = "ICICIBANK_HOMELOANS_DbConnectivity", "ICICIBANK_HOMELOANS_DbConnectivity\ICICIBANK_HOMELOANS_DbConnectivity.csproj", "{ADCE7950-7607-4544-8AC2-D9C10853F9D0}"
EndProject
Project("{FAE04EC0-301F-11D3-BF4B-00C04F79EFBC}") = "ICICIBANK_HOMELOANS_Repositories", "ICICIBANK_HOMELOANS_Repositories\ICICIBANK_HOMELOANS_Repositories.csproj", "{FF8A4F4A-77F4-43A8-B372-D9B20206463A}"
EndProject
Project("{FAE04EC0-301F-11D3-BF4B-00C04F79EFBC}") = "ICICIBANK_HOMELOANS_Services", "ICICIBANK_HOMELOANS_Services\ICICIBANK_HOMELOANS_Services.csproj", "{7CF04D64-393C-4B9E-83E3-0E76EFDE8BE0}"
EndProject
Project("{FAE04EC0-301F-11D3-BF4B-00C04F79EFBC}") = "ICICIBANK_HOMELOANS_UnitTest", "ICICIBANK_HOMELOANS_UnitTest\ICICIBANK_HOMELOANS_UnitTest.csproj", "{76B50A7E-F1A9-433D-8781-3AC6D5A6BBEE}"
EndProject
Global
	GlobalSection(SolutionConfigurationPlatforms) = preSolution
		Debug|Any CPU = Debug|Any CPU
		Release|Any CPU = Release|Any CPU
	EndGlobalSection
	GlobalSection(ProjectConfigurationPlatforms) = postSolution
		{07DA2ED5-3EC1-4592-A9F5-5871FE31F9C8}.Debug|Any CPU.ActiveCfg = Debug|Any CPU
		{07DA2ED5-3EC1-4592-A9F5-5871FE31F9C8}.Debug|Any CPU.Build.0 = Debug|Any CPU
		{07DA2ED5-3EC1-4592-A9F5-5871FE31F9C8}.Release|Any CPU.ActiveCfg = Release|Any CPU
		{07DA2ED5-3EC1-4592-A9F5-5871FE31F9C8}.Release|Any CPU.Build.0 = Release|Any CPU
		{99C16B7B-D587-4143-A20D-C11AD5AE8751}.Debug|Any CPU.ActiveCfg = Debug|Any CPU
		{99C16B7B-D587-4143-A20D-C11AD5AE8751}.Debug|Any CPU.Build.0 = Debug|Any CPU
		{99C16B7B-D587-4143-A20D-C11AD5AE8751}.Release|Any CPU.ActiveCfg = Release|Any CPU
		{99C16B7B-D587-4143-A20D-C11AD5AE8751}.Release|Any CPU.Build.0 = Release|Any CPU
		{ADCE7950-7607-4544-8AC2-D9C10853F9D0}.Debug|Any CPU.ActiveCfg = Debug|Any CPU
		{ADCE7950-7607-4544-8AC2-D9C10853F9D0}.Debug|Any CPU.Build.0 = Debug|Any CPU
		{ADCE7950-7607-4544-8AC2-D9C10853F9D0}.Release|Any CPU.ActiveCfg = Release|Any CPU
		{ADCE7950-7607-4544-8AC2-D9C10853F9D0}.Release|Any CPU.Build.0 = Release|Any CPU
		{FF8A4F4A-77F4-43A8-B372-D9B20206463A}.Debug|Any CPU.ActiveCfg = Debug|Any CPU
		{FF8A4F4A-77F4-43A8-B372-D9B20206463A}.Debug|Any CPU.Build.0 = Debug|Any CPU
		{FF8A4F4A-77F4-43A8-B372-D9B20206463A}.Release|Any CPU.ActiveCfg = Release|Any CPU
		{FF8A4F4A-77F4-43A8-B372-D9B20206463A}.Release|Any CPU.Build.0 = Release|Any CPU
		{7CF04D64-393C-4B9E-83E3-0E76EFDE8BE0}.Debug|Any CPU.ActiveCfg = Debug|Any CPU
		{7CF04D64-393C-4B9E-83E3-0E76EFDE8BE0}.Debug|Any CPU.Build.0 = Debug|Any CPU
		{7CF04D64-393C-4B9E-83E3-0E76EFDE8BE0}.Release|Any CPU.ActiveCfg = Release|Any CPU
		{7CF04D64-393C-4B9E-83E3-0E76EFDE8BE0}.Release|Any CPU.Build.0 = Release|Any CPU
		{76B50A7E-F1A9-433D-8781-3AC6D5A6BBEE}.Debug|Any CPU.ActiveCfg = Debug|Any CPU
		{76B50A7E-F1A9-433D-8781-3AC6D5A6BBEE}.Debug|Any CPU.Build.0 = Debug|Any CPU
		{76B50A7E-F1A9-433D-8781-3AC6D5A6BBEE}.Release|Any CPU.ActiveCfg = Release|Any CPU
		{76B50A7E-F1A9-433D-8781-3AC6D5A6BBEE}.Release|Any CPU.Build.0 = Release|Any CPU
	EndGlobalSection
	GlobalSection(SolutionProperties) = preSolution
		HideSolutionNode = FALSE
	EndGlobalSection
	GlobalSection(NestedProjects) = preSolution
		{07DA2ED5-3EC1-4592-A9F5-5871FE31F9C8} = {02EA681E-C7D8-13C7-8484-4AC65E1B71E8}
		{99C16B7B-D587-4143-A20D-C11AD5AE8751} = {6032E919-F4E3-4060-B861-4C0BF4809407}
		{ADCE7950-7607-4544-8AC2-D9C10853F9D0} = {6032E919-F4E3-4060-B861-4C0BF4809407}
		{FF8A4F4A-77F4-43A8-B372-D9B20206463A} = {6032E919-F4E3-4060-B861-4C0BF4809407}
		{7CF04D64-393C-4B9E-83E3-0E76EFDE8BE0} = {6032E919-F4E3-4060-B861-4C0BF4809407}
		{76B50A7E-F1A9-433D-8781-3AC6D5A6BBEE} = {5FDA6800-F0A2-4483-AF64-B4EA3814AFBB}
	EndGlobalSection
	GlobalSection(ExtensibilityGlobals) = postSolution
		SolutionGuid = {2D3D9BA4-05FB-4276-AD86-8ACC7DDE24E6}
	EndGlobalSection
EndGlobal
